
Microsoft Visual Studio Solution File, Format Version 12.00
# Visual Studio Version 17
VisualStudioVersion = 17.1.32228.430
MinimumVisualStudioVersion = 10.0.40219.1
Project("{FAE04EC0-301F-11D3-BF4B-00C04F79EFBC}") = "Multithreading", "Multithreading\Multithreading.csproj", "{FAA081D6-B267-4D2C-959C-EE7A01059CC5}"
EndProject
Global
	GlobalSection(SolutionConfigurationPlatforms) = preSolution
		Debug|Any CPU = Debug|Any CPU
		Release|Any CPU = Release|Any CPU
	EndGlobalSection
	GlobalSection(ProjectConfigurationPlatforms) = postSolution
		{FAA081D6-B267-4D2C-959C-EE7A01059CC5}.Debug|Any CPU.ActiveCfg = Debug|Any CPU
		{FAA081D6-B267-4D2C-959C-EE7A01059CC5}.Debug|Any CPU.Build.0 = Debug|Any CPU
		{FAA081D6-B267-4D2C-959C-EE7A01059CC5}.Release|Any CPU.ActiveCfg = Release|Any CPU
		{FAA081D6-B267-4D2C-959C-EE7A01059CC5}.Release|Any CPU.Build.0 = Release|Any CPU
	EndGlobalSection
	GlobalSection(SolutionProperties) = preSolution
		HideSolutionNode = FALSE
	EndGlobalSection
	GlobalSection(ExtensibilityGlobals) = postSolution
		SolutionGuid = {BA7D23C1-3BF2-4CB1-B582-061924509A1C}
	EndGlobalSection
EndGlobal
